{
  "lockfile_version": "1",
  "packages": {
    "sqlite-utils@latest": {
      "last_modified": "2024-11-03T14:18:04Z",
      "resolved": "github:NixOS/nixpkgs/4ae2e647537bcdbb82265469442713d066675275#sqlite-utils",
      "source": "devbox-search",
      "version": "3.37",
      "systems": {
        "aarch64-darwin": {
          "outputs": [
            {
              "name": "out",
              "path": "/nix/store/xzw5n0qik6l6p3zi848mbw47lgqdfb0z-python3.12-sqlite-utils-3.37",
              "default": true
            },
            {
              "name": "dist",
              "path": "/nix/store/2h3rqck4cbgi7qsjihvzgx997ly71zqy-python3.12-sqlite-utils-3.37-dist"
            }
          ],
          "store_path": "/nix/store/xzw5n0qik6l6p3zi848mbw47lgqdfb0z-python3.12-sqlite-utils-3.37"
        },
        "aarch64-linux": {
          "outputs": [
            {
              "name": "out",
              "path": "/nix/store/zcwjkbsjm57brqmj56qvvi3qdskxggfa-python3.12-sqlite-utils-3.37",
              "default": true
            },
            {
              "name": "dist",
              "path": "/nix/store/spddzzmvxxjd0y4knidbdsyp3bvbrwkx-python3.12-sqlite-utils-3.37-dist"
            }
          ],
          "store_path": "/nix/store/zcwjkbsjm57brqmj56qvvi3qdskxggfa-python3.12-sqlite-utils-3.37"
        },
        "x86_64-darwin": {
          "outputs": [
            {
              "name": "out",
              "path": "/nix/store/qggbbf1g4dqik5afjbpk7rbxpjm0ivs7-python3.12-sqlite-utils-3.37",
              "default": true
            },
            {
              "name": "dist",
              "path": "/nix/store/jcr8rgqpfhqspjniwzp1zrrrflvcif0s-python3.12-sqlite-utils-3.37-dist"
            }
          ],
          "store_path": "/nix/store/qggbbf1g4dqik5afjbpk7rbxpjm0ivs7-python3.12-sqlite-utils-3.37"
        },
        "x86_64-linux": {
          "outputs": [
            {
              "name": "out",
              "path": "/nix/store/9dsqjxl9cwwygsisl3f7ais8agjyp2qp-python3.12-sqlite-utils-3.37",
              "default": true
            },
            {
              "name": "dist",
              "path": "/nix/store/y4x763h1rxk44jmd46vcaams0k76jpgi-python3.12-sqlite-utils-3.37-dist"
            }
          ],
          "store_path": "/nix/store/9dsqjxl9cwwygsisl3f7ais8agjyp2qp-python3.12-sqlite-utils-3.37"
        }
      }
    },
    "sqlite@latest": {
      "last_modified": "2024-11-07T05:50:23Z",
      "resolved": "github:NixOS/nixpkgs/85f7e662eda4fa3a995556527c87b2524b691933#sqlite",
      "source": "devbox-search",
      "version": "3.46.1",
      "systems": {
        "aarch64-darwin": {
          "outputs": [
            {
              "name": "bin",
              "path": "/nix/store/kj48pb4q123csd3cb967g180dql5qiyh-sqlite-3.46.1-bin",
              "default": true
            },
            {
              "name": "out",
              "path": "/nix/store/b21m1d2rb3h446i9n0rxx0g8ahhff8k3-sqlite-3.46.1"
            },
            {
              "name": "dev",
              "path": "/nix/store/jkpilzyz7hm24nplicd48z4kbb4yhnhg-sqlite-3.46.1-dev"
            }
          ],
          "store_path": "/nix/store/kj48pb4q123csd3cb967g180dql5qiyh-sqlite-3.46.1-bin"
        },
        "aarch64-linux": {
          "outputs": [
            {
              "name": "bin",
              "path": "/nix/store/fyqmi69w0825w8wdqxjcfdgx4w9517f9-sqlite-3.46.1-bin",
              "default": true
            },
            {
              "name": "debug",
              "path": "/nix/store/l849zsrjjqa2gn7ydyrna7vjy614f8pg-sqlite-3.46.1-debug"
            },
            {
              "name": "dev",
              "path": "/nix/store/rjhj591wkb6qm8aig8sy5vfxblq39jyl-sqlite-3.46.1-dev"
            },
            {
              "name": "out",
              "path": "/nix/store/fc4xcwmv9832j7k320nq4hfwz12aa7lp-sqlite-3.46.1"
            }
          ],
          "store_path": "/nix/store/fyqmi69w0825w8wdqxjcfdgx4w9517f9-sqlite-3.46.1-bin"
        },
        "x86_64-darwin": {
          "outputs": [
            {
              "name": "bin",
              "path": "/nix/store/wj4dllyrklgq4bcl94a99n42jp6syzzj-sqlite-3.46.1-bin",
              "default": true
            },
            {
              "name": "dev",
              "path": "/nix/store/0whis0vbz1q4bg9n4c78sq4myghzlyhs-sqlite-3.46.1-dev"
            },
            {
              "name": "out",
              "path": "/nix/store/1bhn558qwlf0n1cczrv7jd82ll4pavmd-sqlite-3.46.1"
            }
          ],
          "store_path": "/nix/store/wj4dllyrklgq4bcl94a99n42jp6syzzj-sqlite-3.46.1-bin"
        },
        "x86_64-linux": {
          "outputs": [
            {
              "name": "bin",
              "path": "/nix/store/44gbpzw073f145flkacd4hfn9jbz3m5v-sqlite-3.46.1-bin",
              "default": true
            },
            {
              "name": "dev",
              "path": "/nix/store/khmgspvzvab2593zsdv165wn55fnql96-sqlite-3.46.1-dev"
            },
            {
              "name": "out",
              "path": "/nix/store/b4cqpglpjvkjhb8l4dh1ammpg8gk6h9p-sqlite-3.46.1"
            },
            {
              "name": "debug",
              "path": "/nix/store/maxy4bwlyc3had0n3h4hrp9pjqz8v1rg-sqlite-3.46.1-debug"
            }
          ],
          "store_path": "/nix/store/44gbpzw073f145flkacd4hfn9jbz3m5v-sqlite-3.46.1-bin"
        }
      }
    },
    "yarn@latest": {
      "last_modified": "2024-11-03T14:18:04Z",
      "resolved": "github:NixOS/nixpkgs/4ae2e647537bcdbb82265469442713d066675275#yarn",
      "source": "devbox-search",
      "version": "1.22.22",
      "systems": {
        "aarch64-darwin": {
          "outputs": [
            {
              "name": "out",
              "path": "/nix/store/yd2i0x6pvxbcyrwj8bjr6xq88cpr3ac6-yarn-1.22.22",
              "default": true
            }
          ],
          "store_path": "/nix/store/yd2i0x6pvxbcyrwj8bjr6xq88cpr3ac6-yarn-1.22.22"
        },
        "aarch64-linux": {
          "outputs": [
            {
              "name": "out",
              "path": "/nix/store/xph2b7ri9ixs1kr7qg9zlksmf86prcqn-yarn-1.22.22",
              "default": true
            }
          ],
          "store_path": "/nix/store/xph2b7ri9ixs1kr7qg9zlksmf86prcqn-yarn-1.22.22"
        },
        "x86_64-darwin": {
          "outputs": [
            {
              "name": "out",
              "path": "/nix/store/db3fkh9fqmq4qcslp32p7436c6q4738q-yarn-1.22.22",
              "default": true
            }
          ],
          "store_path": "/nix/store/db3fkh9fqmq4qcslp32p7436c6q4738q-yarn-1.22.22"
        },
        "x86_64-linux": {
          "outputs": [
            {
              "name": "out",
              "path": "/nix/store/fsyk2yniga62hvkyz45b6zqimnkb68zh-yarn-1.22.22",
              "default": true
            }
          ],
          "store_path": "/nix/store/fsyk2yniga62hvkyz45b6zqimnkb68zh-yarn-1.22.22"
        }
      }
    }
  }
}
