{
  "lockfile_version": "1",
  "packages": {
    "sqlite-utils@latest": {
      "last_modified": "2024-04-19T17:36:04-04:00",
      "resolved": "github:NixOS/nixpkgs/92d295f588631b0db2da509f381b4fb1e74173c5#sqlite-utils",
      "source": "devbox-search",
      "version": "3.36",
      "systems": {
        "aarch64-darwin": {
          "outputs": [
            {
              "name": "out",
              "path": "/nix/store/sr9sicsvs9jiyjwl85dgdi49336sv0rs-python3.11-sqlite-utils-3.36",
              "default": true
            },
            {
              "name": "dist",
              "path": "/nix/store/fj1p0jlk3in0hb2acb8ghwvk9by1fcyi-python3.11-sqlite-utils-3.36-dist"
            }
          ],
          "store_path": "/nix/store/sr9sicsvs9jiyjwl85dgdi49336sv0rs-python3.11-sqlite-utils-3.36"
        },
        "aarch64-linux": {
          "outputs": [
            {
              "name": "out",
              "path": "/nix/store/ilyb6p98bjhvwldizzlhg91jg75r27kq-python3.11-sqlite-utils-3.36",
              "default": true
            },
            {
              "name": "dist",
              "path": "/nix/store/mrv0disqd8c0g502a6rcva1ca30c7swb-python3.11-sqlite-utils-3.36-dist"
            }
          ],
          "store_path": "/nix/store/ilyb6p98bjhvwldizzlhg91jg75r27kq-python3.11-sqlite-utils-3.36"
        },
        "x86_64-darwin": {
          "outputs": [
            {
              "name": "out",
              "path": "/nix/store/lsy8wwmn0k2p32hxjsss2mbmp83in5xx-python3.11-sqlite-utils-3.36",
              "default": true
            },
            {
              "name": "dist",
              "path": "/nix/store/flhnl1nlpr6f56qzz4hrkz2cg1nkzkvi-python3.11-sqlite-utils-3.36-dist"
            }
          ],
          "store_path": "/nix/store/lsy8wwmn0k2p32hxjsss2mbmp83in5xx-python3.11-sqlite-utils-3.36"
        },
        "x86_64-linux": {
          "outputs": [
            {
              "name": "out",
              "path": "/nix/store/mdgdvzc380rhi2k4cn1649nh0dbrfq03-python3.11-sqlite-utils-3.36",
              "default": true
            },
            {
              "name": "dist",
              "path": "/nix/store/fnskc67khq1s1g2nz4p7fl2yfsg72ilw-python3.11-sqlite-utils-3.36-dist"
            }
          ],
          "store_path": "/nix/store/mdgdvzc380rhi2k4cn1649nh0dbrfq03-python3.11-sqlite-utils-3.36"
        }
      }
    },
    "sqlite@latest": {
      "last_modified": "2024-04-21T11:44:28-04:00",
      "resolved": "github:NixOS/nixpkgs/69ee1d82f1fa4c70a3dc9a64111e7eef3b8e4527#sqlite",
      "source": "devbox-search",
      "version": "3.45.2",
      "systems": {
        "aarch64-darwin": {
          "outputs": [
            {
              "name": "bin",
              "path": "/nix/store/k3j10cczxrbv2ip3mbn67iyszgfg8sb1-sqlite-3.45.2-bin",
              "default": true
            },
            {
              "name": "dev",
              "path": "/nix/store/flnvc0jai20c56qk2q0nghm6f3xrgf2l-sqlite-3.45.2-dev"
            },
            {
              "name": "out",
              "path": "/nix/store/7ikgw5mqy92w8r2b2fpq3fvk7rij8adg-sqlite-3.45.2"
            }
          ],
          "store_path": "/nix/store/k3j10cczxrbv2ip3mbn67iyszgfg8sb1-sqlite-3.45.2-bin"
        },
        "aarch64-linux": {
          "outputs": [
            {
              "name": "bin",
              "path": "/nix/store/sfx2vjbyjnv01byypqncq97fx2phsgga-sqlite-3.45.2-bin",
              "default": true
            },
            {
              "name": "debug",
              "path": "/nix/store/2r8vavj503ffqwzsjfgbq22y7xfi2n1k-sqlite-3.45.2-debug"
            },
            {
              "name": "dev",
              "path": "/nix/store/v3lbzfc9mgyq9n8av2xknfw991jp3kkf-sqlite-3.45.2-dev"
            },
            {
              "name": "out",
              "path": "/nix/store/yqfjp23y8b5nmc8hps1snvc29yvs21si-sqlite-3.45.2"
            }
          ],
          "store_path": "/nix/store/sfx2vjbyjnv01byypqncq97fx2phsgga-sqlite-3.45.2-bin"
        },
        "x86_64-darwin": {
          "outputs": [
            {
              "name": "bin",
              "path": "/nix/store/rqxp2hs4ig1cvjf2cvd4h5ip54rb64b4-sqlite-3.45.2-bin",
              "default": true
            },
            {
              "name": "dev",
              "path": "/nix/store/9a9qzq14gr6amm2gwx3phxipzwcag5k3-sqlite-3.45.2-dev"
            },
            {
              "name": "out",
              "path": "/nix/store/fv008rin29h8y7m03mp3b8458sqfbw9f-sqlite-3.45.2"
            }
          ],
          "store_path": "/nix/store/rqxp2hs4ig1cvjf2cvd4h5ip54rb64b4-sqlite-3.45.2-bin"
        },
        "x86_64-linux": {
          "outputs": [
            {
              "name": "bin",
              "path": "/nix/store/9zh4snslqsrwymlvc9apa6pbfhh9mh4y-sqlite-3.45.2-bin",
              "default": true
            },
            {
              "name": "out",
              "path": "/nix/store/x4ggnhg6h0xmnd8cl3d5vg7gp9xs7m8a-sqlite-3.45.2"
            },
            {
              "name": "debug",
              "path": "/nix/store/sw9qlscbii7g51shm6vnbf7qbgqbaki8-sqlite-3.45.2-debug"
            },
            {
              "name": "dev",
              "path": "/nix/store/amdh5z1224kjzwblq2bf5lln05vh7xda-sqlite-3.45.2-dev"
            }
          ],
          "store_path": "/nix/store/9zh4snslqsrwymlvc9apa6pbfhh9mh4y-sqlite-3.45.2-bin"
        }
      }
    },
    "yarn@latest": {
      "last_modified": "2024-03-22T11:26:23Z",
      "resolved": "github:NixOS/nixpkgs/a3ed7406349a9335cb4c2a71369b697cecd9d351#yarn",
      "source": "devbox-search",
      "version": "1.22.22",
      "systems": {
        "aarch64-darwin": {
          "store_path": "/nix/store/7rv0zj74rm049vchr7c4hiisw4pigs85-yarn-1.22.22"
        },
        "aarch64-linux": {
          "store_path": "/nix/store/8wq8jz5dbq1q3gdnh22d47bf79fkaasy-yarn-1.22.22"
        },
        "x86_64-darwin": {
          "store_path": "/nix/store/mp2xyil9p9d1fva75zr0phxbv7312avr-yarn-1.22.22"
        },
        "x86_64-linux": {
          "store_path": "/nix/store/aivn7biys6sbiq9rnpclbk1l81sqk2pa-yarn-1.22.22"
        }
      }
    }
  }
}
