{
  "lockfile_version": "1",
  "packages": {
    "python310Packages.fastapi@latest": {
      "last_modified": "2023-12-13T17:54:10-05:00",
      "resolved": "github:NixOS/nixpkgs/fd04bea4cbf76f86f244b9e2549fca066db8ddff#python310Packages.fastapi",
      "source": "devbox-search",
      "version": "0.103.1",
      "systems": {
        "aarch64-darwin": {
          "outputs": [
            {
              "name": "out",
              "path": "/nix/store/1ap22bg8b3lqh7lih0j2a98zi5bz7cr3-python3.10-fastapi-0.103.1",
              "default": true
            },
            {
              "name": "dist",
              "path": "/nix/store/4rasyz4pz2kkbmxz746manp7ybz5vvz2-python3.10-fastapi-0.103.1-dist"
            }
          ],
          "store_path": "/nix/store/1ap22bg8b3lqh7lih0j2a98zi5bz7cr3-python3.10-fastapi-0.103.1"
        },
        "aarch64-linux": {
          "outputs": [
            {
              "name": "out",
              "path": "/nix/store/590lpcmjzlmcgi4rqkrxg37bnpxn9mlp-python3.10-fastapi-0.103.1",
              "default": true
            },
            {
              "name": "dist",
              "path": "/nix/store/jj36bgrk0i07lazwbc2fv9gk651n4yfn-python3.10-fastapi-0.103.1-dist"
            }
          ],
          "store_path": "/nix/store/590lpcmjzlmcgi4rqkrxg37bnpxn9mlp-python3.10-fastapi-0.103.1"
        },
        "x86_64-darwin": {
          "outputs": [
            {
              "name": "out",
              "path": "/nix/store/8cgzzpmchiqds8raf3fs2jycc7dff5xs-python3.10-fastapi-0.103.1",
              "default": true
            },
            {
              "name": "dist",
              "path": "/nix/store/pp6jy9894nl7dg777q47dx8hkhcg0pmx-python3.10-fastapi-0.103.1-dist"
            }
          ],
          "store_path": "/nix/store/8cgzzpmchiqds8raf3fs2jycc7dff5xs-python3.10-fastapi-0.103.1"
        },
        "x86_64-linux": {
          "outputs": [
            {
              "name": "out",
              "path": "/nix/store/27rc06x9dihcclijm597d7mh7shysaa3-python3.10-fastapi-0.103.1",
              "default": true
            },
            {
              "name": "dist",
              "path": "/nix/store/lypnvzdrxrn6sqfb2nziid2p8jl2ah0v-python3.10-fastapi-0.103.1-dist"
            }
          ],
          "store_path": "/nix/store/27rc06x9dihcclijm597d7mh7shysaa3-python3.10-fastapi-0.103.1"
        }
      }
    },
    "python310Packages.pydantic@latest": {
      "last_modified": "2024-01-09T18:22:09-05:00",
      "resolved": "github:NixOS/nixpkgs/eabe8d3eface69f5bb16c18f8662a702f50c20d5#python310Packages.pydantic",
      "source": "devbox-search",
      "version": "1.10.12",
      "systems": {
        "aarch64-darwin": {
          "outputs": [
            {
              "name": "out",
              "path": "/nix/store/g4nbgzq7934ylif3i4yjngh3xj63lhvf-python3.10-pydantic-1.10.12",
              "default": true
            },
            {
              "name": "dist",
              "path": "/nix/store/2sw82gsfqi116ghscj700hjyqgbw4lgi-python3.10-pydantic-1.10.12-dist"
            }
          ],
          "store_path": "/nix/store/g4nbgzq7934ylif3i4yjngh3xj63lhvf-python3.10-pydantic-1.10.12"
        },
        "aarch64-linux": {
          "outputs": [
            {
              "name": "out",
              "path": "/nix/store/0is593b1f15023wprz7vmi18f7bv60g4-python3.10-pydantic-1.10.12",
              "default": true
            },
            {
              "name": "dist",
              "path": "/nix/store/583rv4fxzqvljx65lray82afynrljby1-python3.10-pydantic-1.10.12-dist"
            },
            {
              "name": "doc",
              "path": "/nix/store/j5qnvxwg3lgnybfh5jjcah6akwzli31c-python3.10-pydantic-1.10.12-doc"
            }
          ],
          "store_path": "/nix/store/0is593b1f15023wprz7vmi18f7bv60g4-python3.10-pydantic-1.10.12"
        },
        "x86_64-darwin": {
          "outputs": [
            {
              "name": "out",
              "path": "/nix/store/x4nyasm75xfj5lzh8xyccqw7j7sjjzz1-python3.10-pydantic-1.10.12",
              "default": true
            },
            {
              "name": "dist",
              "path": "/nix/store/f99w27qbj48yjm2bmznlrq3i8nv75hmr-python3.10-pydantic-1.10.12-dist"
            }
          ],
          "store_path": "/nix/store/x4nyasm75xfj5lzh8xyccqw7j7sjjzz1-python3.10-pydantic-1.10.12"
        },
        "x86_64-linux": {
          "outputs": [
            {
              "name": "out",
              "path": "/nix/store/30ag62dvda79ijwvrrac10zi3fr66n03-python3.10-pydantic-1.10.12",
              "default": true
            },
            {
              "name": "doc",
              "path": "/nix/store/n2p7n5hbq52issmam3lvmh755xah8hiq-python3.10-pydantic-1.10.12-doc"
            },
            {
              "name": "dist",
              "path": "/nix/store/ghm1xz0pfrxvqc1ilin384iwwjyj2zfs-python3.10-pydantic-1.10.12-dist"
            }
          ],
          "store_path": "/nix/store/30ag62dvda79ijwvrrac10zi3fr66n03-python3.10-pydantic-1.10.12"
        }
      }
    },
    "python310Packages.sqlalchemy@latest": {
      "last_modified": "2023-12-13T17:54:10-05:00",
      "resolved": "github:NixOS/nixpkgs/fd04bea4cbf76f86f244b9e2549fca066db8ddff#python310Packages.sqlalchemy",
      "source": "devbox-search",
      "version": "2.0.21",
      "systems": {
        "aarch64-darwin": {
          "outputs": [
            {
              "name": "out",
              "path": "/nix/store/4j4kv2c8641hswh7n3nf7kk58px7j76y-python3.10-SQLAlchemy-2.0.21",
              "default": true
            },
            {
              "name": "dist",
              "path": "/nix/store/bwqlpldgfjcqpqydhn7n6xrlf0jbvg1j-python3.10-SQLAlchemy-2.0.21-dist"
            }
          ],
          "store_path": "/nix/store/4j4kv2c8641hswh7n3nf7kk58px7j76y-python3.10-SQLAlchemy-2.0.21"
        },
        "aarch64-linux": {
          "outputs": [
            {
              "name": "out",
              "path": "/nix/store/s1cw8hglkv23kcd2w9s1nif5nf8y8qsz-python3.10-SQLAlchemy-2.0.21",
              "default": true
            },
            {
              "name": "dist",
              "path": "/nix/store/jv0cbranjnykwfqv3fi2qyzdc4w785q1-python3.10-SQLAlchemy-2.0.21-dist"
            }
          ],
          "store_path": "/nix/store/s1cw8hglkv23kcd2w9s1nif5nf8y8qsz-python3.10-SQLAlchemy-2.0.21"
        },
        "x86_64-darwin": {
          "outputs": [
            {
              "name": "out",
              "path": "/nix/store/4vsvmbbazhg7r4mgf5qyhjq2cqqfqi5z-python3.10-SQLAlchemy-2.0.21",
              "default": true
            },
            {
              "name": "dist",
              "path": "/nix/store/5mwbr9d8yrv8hzhiwh37ns4zw390xrwa-python3.10-SQLAlchemy-2.0.21-dist"
            }
          ],
          "store_path": "/nix/store/4vsvmbbazhg7r4mgf5qyhjq2cqqfqi5z-python3.10-SQLAlchemy-2.0.21"
        },
        "x86_64-linux": {
          "outputs": [
            {
              "name": "out",
              "path": "/nix/store/xlf2i3cyp2hhlxa8pnlg8lvj52fycqnr-python3.10-SQLAlchemy-2.0.21",
              "default": true
            },
            {
              "name": "dist",
              "path": "/nix/store/b5ifhjzrxf3xcrfhw09b9maw49hp49yv-python3.10-SQLAlchemy-2.0.21-dist"
            }
          ],
          "store_path": "/nix/store/xlf2i3cyp2hhlxa8pnlg8lvj52fycqnr-python3.10-SQLAlchemy-2.0.21"
        }
      }
    },
    "python310Packages.uvicorn@latest": {
      "last_modified": "2024-01-07T06:22:52-05:00",
      "resolved": "github:NixOS/nixpkgs/24fe8bb4f552ad3926274d29e083b79d84707da6#python310Packages.uvicorn",
      "source": "devbox-search",
      "version": "0.23.2",
      "systems": {
        "aarch64-darwin": {
          "outputs": [
            {
              "name": "out",
              "path": "/nix/store/r4xkbr86yyia4bp0f5a3yz31fanlamf4-python3.10-uvicorn-0.23.2",
              "default": true
            },
            {
              "name": "dist",
              "path": "/nix/store/ciaanfcbqgb2jddxyrai42y7bpcpxync-python3.10-uvicorn-0.23.2-dist"
            },
            {
              "name": "testsout",
              "path": "/nix/store/znfpl44ifb626h05c5d3wnxm7qh7vfh9-python3.10-uvicorn-0.23.2-testsout"
            }
          ],
          "store_path": "/nix/store/r4xkbr86yyia4bp0f5a3yz31fanlamf4-python3.10-uvicorn-0.23.2"
        },
        "aarch64-linux": {
          "outputs": [
            {
              "name": "out",
              "path": "/nix/store/gb0ccmwfmjajwllx6j4v2cbmjapm64hk-python3.10-uvicorn-0.23.2",
              "default": true
            },
            {
              "name": "dist",
              "path": "/nix/store/8rb9siyw14jwi1ijm28qmsarhiqvxzsh-python3.10-uvicorn-0.23.2-dist"
            },
            {
              "name": "testsout",
              "path": "/nix/store/vnl15x3id11d487fsci3f2y1z406syjw-python3.10-uvicorn-0.23.2-testsout"
            }
          ],
          "store_path": "/nix/store/gb0ccmwfmjajwllx6j4v2cbmjapm64hk-python3.10-uvicorn-0.23.2"
        },
        "x86_64-darwin": {
          "outputs": [
            {
              "name": "out",
              "path": "/nix/store/n0pic7bgpv7jxxy4cyj0cphhb41vv4d1-python3.10-uvicorn-0.23.2",
              "default": true
            },
            {
              "name": "dist",
              "path": "/nix/store/5kx0w235q1v66vq2p9cswis6cyr5z2qr-python3.10-uvicorn-0.23.2-dist"
            },
            {
              "name": "testsout",
              "path": "/nix/store/zlr80jyadmxj639glwnljw4apiaqj033-python3.10-uvicorn-0.23.2-testsout"
            }
          ],
          "store_path": "/nix/store/n0pic7bgpv7jxxy4cyj0cphhb41vv4d1-python3.10-uvicorn-0.23.2"
        },
        "x86_64-linux": {
          "outputs": [
            {
              "name": "out",
              "path": "/nix/store/fx9zacnifbsg2s85migrskz4dxh03fl1-python3.10-uvicorn-0.23.2",
              "default": true
            },
            {
              "name": "dist",
              "path": "/nix/store/vcsxcil1l92gz1a62ph6rvizww0q5jnw-python3.10-uvicorn-0.23.2-dist"
            },
            {
              "name": "testsout",
              "path": "/nix/store/mw9scc1k8njqigq6jj1l42nvrr64wi6b-python3.10-uvicorn-0.23.2-testsout"
            }
          ],
          "store_path": "/nix/store/fx9zacnifbsg2s85migrskz4dxh03fl1-python3.10-uvicorn-0.23.2"
        }
      }
    },
    "python@3.10": {
      "last_modified": "2024-03-27T09:47:59Z",
      "plugin_version": "0.0.3",
      "resolved": "github:NixOS/nixpkgs/2230a20f2b5a14f2db3d7f13a2dc3c22517e790b#python310",
      "source": "devbox-search",
      "version": "3.10.14",
      "systems": {
        "aarch64-darwin": {
          "store_path": "/nix/store/hrg1v4jnfprcnw5wbyx32ghas7fpbf1x-python3-3.10.14"
        },
        "aarch64-linux": {
          "store_path": "/nix/store/10iqd7n59c3aznxlqwxk7s0qpvwpkkv6-python3-3.10.14"
        },
        "x86_64-darwin": {
          "store_path": "/nix/store/klrpgzac7vw4k1g5sia83fkzb63w3g6r-python3-3.10.14"
        },
        "x86_64-linux": {
          "store_path": "/nix/store/qq3101yfil8kpbifljs2fnppf6857y8c-python3-3.10.14"
        }
      }
    },
    "sqlite@latest": {
      "last_modified": "2024-04-21T11:44:28-04:00",
      "resolved": "github:NixOS/nixpkgs/69ee1d82f1fa4c70a3dc9a64111e7eef3b8e4527#sqlite",
      "source": "devbox-search",
      "version": "3.45.2",
      "systems": {
        "aarch64-darwin": {
          "outputs": [
            {
              "name": "bin",
              "path": "/nix/store/k3j10cczxrbv2ip3mbn67iyszgfg8sb1-sqlite-3.45.2-bin",
              "default": true
            },
            {
              "name": "dev",
              "path": "/nix/store/flnvc0jai20c56qk2q0nghm6f3xrgf2l-sqlite-3.45.2-dev"
            },
            {
              "name": "out",
              "path": "/nix/store/7ikgw5mqy92w8r2b2fpq3fvk7rij8adg-sqlite-3.45.2"
            }
          ],
          "store_path": "/nix/store/k3j10cczxrbv2ip3mbn67iyszgfg8sb1-sqlite-3.45.2-bin"
        },
        "aarch64-linux": {
          "outputs": [
            {
              "name": "bin",
              "path": "/nix/store/sfx2vjbyjnv01byypqncq97fx2phsgga-sqlite-3.45.2-bin",
              "default": true
            },
            {
              "name": "debug",
              "path": "/nix/store/2r8vavj503ffqwzsjfgbq22y7xfi2n1k-sqlite-3.45.2-debug"
            },
            {
              "name": "dev",
              "path": "/nix/store/v3lbzfc9mgyq9n8av2xknfw991jp3kkf-sqlite-3.45.2-dev"
            },
            {
              "name": "out",
              "path": "/nix/store/yqfjp23y8b5nmc8hps1snvc29yvs21si-sqlite-3.45.2"
            }
          ],
          "store_path": "/nix/store/sfx2vjbyjnv01byypqncq97fx2phsgga-sqlite-3.45.2-bin"
        },
        "x86_64-darwin": {
          "outputs": [
            {
              "name": "bin",
              "path": "/nix/store/rqxp2hs4ig1cvjf2cvd4h5ip54rb64b4-sqlite-3.45.2-bin",
              "default": true
            },
            {
              "name": "dev",
              "path": "/nix/store/9a9qzq14gr6amm2gwx3phxipzwcag5k3-sqlite-3.45.2-dev"
            },
            {
              "name": "out",
              "path": "/nix/store/fv008rin29h8y7m03mp3b8458sqfbw9f-sqlite-3.45.2"
            }
          ],
          "store_path": "/nix/store/rqxp2hs4ig1cvjf2cvd4h5ip54rb64b4-sqlite-3.45.2-bin"
        },
        "x86_64-linux": {
          "outputs": [
            {
              "name": "bin",
              "path": "/nix/store/9zh4snslqsrwymlvc9apa6pbfhh9mh4y-sqlite-3.45.2-bin",
              "default": true
            },
            {
              "name": "out",
              "path": "/nix/store/x4ggnhg6h0xmnd8cl3d5vg7gp9xs7m8a-sqlite-3.45.2"
            },
            {
              "name": "debug",
              "path": "/nix/store/sw9qlscbii7g51shm6vnbf7qbgqbaki8-sqlite-3.45.2-debug"
            },
            {
              "name": "dev",
              "path": "/nix/store/amdh5z1224kjzwblq2bf5lln05vh7xda-sqlite-3.45.2-dev"
            }
          ],
          "store_path": "/nix/store/9zh4snslqsrwymlvc9apa6pbfhh9mh4y-sqlite-3.45.2-bin"
        }
      }
    },
    "yarn@latest": {
      "last_modified": "2024-03-22T11:26:23Z",
      "resolved": "github:NixOS/nixpkgs/a3ed7406349a9335cb4c2a71369b697cecd9d351#yarn",
      "source": "devbox-search",
      "version": "1.22.22",
      "systems": {
        "aarch64-darwin": {
          "store_path": "/nix/store/7rv0zj74rm049vchr7c4hiisw4pigs85-yarn-1.22.22"
        },
        "aarch64-linux": {
          "store_path": "/nix/store/8wq8jz5dbq1q3gdnh22d47bf79fkaasy-yarn-1.22.22"
        },
        "x86_64-darwin": {
          "store_path": "/nix/store/mp2xyil9p9d1fva75zr0phxbv7312avr-yarn-1.22.22"
        },
        "x86_64-linux": {
          "store_path": "/nix/store/aivn7biys6sbiq9rnpclbk1l81sqk2pa-yarn-1.22.22"
        }
      }
    }
  }
}
